// !$*UTF8*$!
{
	archiveVersion = 1;
	classes = {
	};
	objectVersion = 46;
	objects = {

/* Begin PBXBuildFile section */
		5721947014CF04FE00C15760 /* UIKit.framework in Frameworks */ = {isa = PBXBuildFile; fileRef = 5721946F14CF04FE00C15760 /* UIKit.framework */; };
		5721947214CF04FE00C15760 /* Foundation.framework in Frameworks */ = {isa = PBXBuildFile; fileRef = 5721947114CF04FE00C15760 /* Foundation.framework */; };
		5721947414CF04FE00C15760 /* CoreGraphics.framework in Frameworks */ = {isa = PBXBuildFile; fileRef = 5721947314CF04FE00C15760 /* CoreGraphics.framework */; };
		5721947A14CF04FF00C15760 /* InfoPlist.strings in Resources */ = {isa = PBXBuildFile; fileRef = 5721947814CF04FF00C15760 /* InfoPlist.strings */; };
		5721947C14CF04FF00C15760 /* main.m in Sources */ = {isa = PBXBuildFile; fileRef = 5721947B14CF04FF00C15760 /* main.m */; };
		5721948014CF04FF00C15760 /* AppDelegate.m in Sources */ = {isa = PBXBuildFile; fileRef = 5721947F14CF04FF00C15760 /* AppDelegate.m */; };
		5721948814CF055100C15760 /* DropDownExample.m in Sources */ = {isa = PBXBuildFile; fileRef = 5721948714CF055100C15760 /* DropDownExample.m */; };
		5721949414CF07C500C15760 /* UITableContract.png in Resources */ = {isa = PBXBuildFile; fileRef = 5721948B14CF07C500C15760 /* UITableContract.png */; };
		5721949514CF07C500C15760 /* UITableContract@2x.png in Resources */ = {isa = PBXBuildFile; fileRef = 5721948C14CF07C500C15760 /* UITableContract@2x.png */; };
		5721949614CF07C500C15760 /* UITableExpand.png in Resources */ = {isa = PBXBuildFile; fileRef = 5721948D14CF07C500C15760 /* UITableExpand.png */; };
		5721949714CF07C500C15760 /* UITableExpand@2x.png in Resources */ = {isa = PBXBuildFile; fileRef = 5721948E14CF07C500C15760 /* UITableExpand@2x.png */; };
		5721949814CF07C500C15760 /* VPPDropDown.m in Sources */ = {isa = PBXBuildFile; fileRef = 5721949014CF07C500C15760 /* VPPDropDown.m */; };
		5721949914CF07C500C15760 /* VPPDropDownElement.m in Sources */ = {isa = PBXBuildFile; fileRef = 5721949314CF07C500C15760 /* VPPDropDownElement.m */; };
/* End PBXBuildFile section */

/* Begin PBXFileReference section */
		5721946B14CF04FE00C15760 /* VPPDropDownExample.app */ = {isa = PBXFileReference; explicitFileType = wrapper.application; includeInIndex = 0; path = VPPDropDownExample.app; sourceTree = BUILT_PRODUCTS_DIR; };
		5721946F14CF04FE00C15760 /* UIKit.framework */ = {isa = PBXFileReference; lastKnownFileType = wrapper.framework; name = UIKit.framework; path = System/Library/Frameworks/UIKit.framework; sourceTree = SDKROOT; };
		5721947114CF04FE00C15760 /* Foundation.framework */ = {isa = PBXFileReference; lastKnownFileType = wrapper.framework; name = Foundation.framework; path = System/Library/Frameworks/Foundation.framework; sourceTree = SDKROOT; };
		5721947314CF04FE00C15760 /* CoreGraphics.framework */ = {isa = PBXFileReference; lastKnownFileType = wrapper.framework; name = CoreGraphics.framework; path = System/Library/Frameworks/CoreGraphics.framework; sourceTree = SDKROOT; };
		5721947714CF04FF00C15760 /* VPPDropDownExample-Info.plist */ = {isa = PBXFileReference; lastKnownFileType = text.plist.xml; path = "VPPDropDownExample-Info.plist"; sourceTree = "<group>"; };
		5721947914CF04FF00C15760 /* en */ = {isa = PBXFileReference; lastKnownFileType = text.plist.strings; name = en; path = en.lproj/InfoPlist.strings; sourceTree = "<group>"; };
		5721947B14CF04FF00C15760 /* main.m */ = {isa = PBXFileReference; lastKnownFileType = sourcecode.c.objc; path = main.m; sourceTree = "<group>"; };
		5721947D14CF04FF00C15760 /* VPPDropDownExample-Prefix.pch */ = {isa = PBXFileReference; lastKnownFileType = sourcecode.c.h; path = "VPPDropDownExample-Prefix.pch"; sourceTree = "<group>"; };
		5721947E14CF04FF00C15760 /* AppDelegate.h */ = {isa = PBXFileReference; lastKnownFileType = sourcecode.c.h; path = AppDelegate.h; sourceTree = "<group>"; };
		5721947F14CF04FF00C15760 /* AppDelegate.m */ = {isa = PBXFileReference; lastKnownFileType = sourcecode.c.objc; path = AppDelegate.m; sourceTree = "<group>"; };
		5721948614CF055100C15760 /* DropDownExample.h */ = {isa = PBXFileReference; fileEncoding = 4; lastKnownFileType = sourcecode.c.h; path = DropDownExample.h; sourceTree = "<group>"; };
		5721948714CF055100C15760 /* DropDownExample.m */ = {isa = PBXFileReference; fileEncoding = 4; lastKnownFileType = sourcecode.c.objc; path = DropDownExample.m; sourceTree = "<group>"; };
		5721948B14CF07C500C15760 /* UITableContract.png */ = {isa = PBXFileReference; lastKnownFileType = image.png; path = UITableContract.png; sourceTree = "<group>"; };
		5721948C14CF07C500C15760 /* UITableContract@2x.png */ = {isa = PBXFileReference; lastKnownFileType = image.png; path = "UITableContract@2x.png"; sourceTree = "<group>"; };
		5721948D14CF07C500C15760 /* UITableExpand.png */ = {isa = PBXFileReference; lastKnownFileType = image.png; path = UITableExpand.png; sourceTree = "<group>"; };
		5721948E14CF07C500C15760 /* UITableExpand@2x.png */ = {isa = PBXFileReference; lastKnownFileType = image.png; path = "UITableExpand@2x.png"; sourceTree = "<group>"; };
		5721948F14CF07C500C15760 /* VPPDropDown.h */ = {isa = PBXFileReference; fileEncoding = 4; lastKnownFileType = sourcecode.c.h; path = VPPDropDown.h; sourceTree = "<group>"; };
		5721949014CF07C500C15760 /* VPPDropDown.m */ = {isa = PBXFileReference; fileEncoding = 4; lastKnownFileType = sourcecode.c.objc; path = VPPDropDown.m; sourceTree = "<group>"; };
		5721949114CF07C500C15760 /* VPPDropDownDelegate.h */ = {isa = PBXFileReference; fileEncoding = 4; lastKnownFileType = sourcecode.c.h; path = VPPDropDownDelegate.h; sourceTree = "<group>"; };
		5721949214CF07C500C15760 /* VPPDropDownElement.h */ = {isa = PBXFileReference; fileEncoding = 4; lastKnownFileType = sourcecode.c.h; path = VPPDropDownElement.h; sourceTree = "<group>"; };
		5721949314CF07C500C15760 /* VPPDropDownElement.m */ = {isa = PBXFileReference; fileEncoding = 4; lastKnownFileType = sourcecode.c.objc; path = VPPDropDownElement.m; sourceTree = "<group>"; };
/* End PBXFileReference section */

/* Begin PBXFrameworksBuildPhase section */
		5721946814CF04FE00C15760 /* Frameworks */ = {
			isa = PBXFrameworksBuildPhase;
			buildActionMask = 2147483647;
			files = (
				5721947014CF04FE00C15760 /* UIKit.framework in Frameworks */,
				5721947214CF04FE00C15760 /* Foundation.framework in Frameworks */,
				5721947414CF04FE00C15760 /* CoreGraphics.framework in Frameworks */,
			);
			runOnlyForDeploymentPostprocessing = 0;
		};
/* End PBXFrameworksBuildPhase section */

/* Begin PBXGroup section */
		5721946014CF04FE00C15760 = {
			isa = PBXGroup;
			children = (
				5721947514CF04FF00C15760 /* VPPDropDownExample */,
				5721946E14CF04FE00C15760 /* Frameworks */,
				5721946C14CF04FE00C15760 /* Products */,
			);
			sourceTree = "<group>";
		};
		5721946C14CF04FE00C15760 /* Products */ = {
			isa = PBXGroup;
			children = (
				5721946B14CF04FE00C15760 /* VPPDropDownExample.app */,
			);
			name = Products;
			sourceTree = "<group>";
		};
		5721946E14CF04FE00C15760 /* Frameworks */ = {
			isa = PBXGroup;
			children = (
				5721946F14CF04FE00C15760 /* UIKit.framework */,
				5721947114CF04FE00C15760 /* Foundation.framework */,
				5721947314CF04FE00C15760 /* CoreGraphics.framework */,
			);
			name = Frameworks;
			sourceTree = "<group>";
		};
		5721947514CF04FF00C15760 /* VPPDropDownExample */ = {
			isa = PBXGroup;
			children = (
				5721948914CF07C500C15760 /* Libraries */,
				5721948614CF055100C15760 /* DropDownExample.h */,
				5721948714CF055100C15760 /* DropDownExample.m */,
				5721947E14CF04FF00C15760 /* AppDelegate.h */,
				5721947F14CF04FF00C15760 /* AppDelegate.m */,
				5721947614CF04FF00C15760 /* Supporting Files */,
			);
			path = VPPDropDownExample;
			sourceTree = "<group>";
		};
		5721947614CF04FF00C15760 /* Supporting Files */ = {
			isa = PBXGroup;
			children = (
				5721947714CF04FF00C15760 /* VPPDropDownExample-Info.plist */,
				5721947814CF04FF00C15760 /* InfoPlist.strings */,
				5721947B14CF04FF00C15760 /* main.m */,
				5721947D14CF04FF00C15760 /* VPPDropDownExample-Prefix.pch */,
			);
			name = "Supporting Files";
			sourceTree = "<group>";
		};
		5721948914CF07C500C15760 /* Libraries */ = {
			isa = PBXGroup;
			children = (
				5721948A14CF07C500C15760 /* VPPDropDown */,
			);
			path = Libraries;
			sourceTree = "<group>";
		};
		5721948A14CF07C500C15760 /* VPPDropDown */ = {
			isa = PBXGroup;
			children = (
				5721948B14CF07C500C15760 /* UITableContract.png */,
				5721948C14CF07C500C15760 /* UITableContract@2x.png */,
				5721948D14CF07C500C15760 /* UITableExpand.png */,
				5721948E14CF07C500C15760 /* UITableExpand@2x.png */,
				5721948F14CF07C500C15760 /* VPPDropDown.h */,
				5721949014CF07C500C15760 /* VPPDropDown.m */,
				5721949114CF07C500C15760 /* VPPDropDownDelegate.h */,
				5721949214CF07C500C15760 /* VPPDropDownElement.h */,
				5721949314CF07C500C15760 /* VPPDropDownElement.m */,
			);
			path = VPPDropDown;
			sourceTree = SOURCE_ROOT;
		};
/* End PBXGroup section */

/* Begin PBXNativeTarget section */
		5721946A14CF04FE00C15760 /* VPPDropDownExample */ = {
			isa = PBXNativeTarget;
			buildConfigurationList = 5721948314CF04FF00C15760 /* Build configuration list for PBXNativeTarget "VPPDropDownExample" */;
			buildPhases = (
				5721946714CF04FE00C15760 /* Sources */,
				5721946814CF04FE00C15760 /* Frameworks */,
				5721946914CF04FE00C15760 /* Resources */,
			);
			buildRules = (
			);
			dependencies = (
			);
			name = VPPDropDownExample;
			productName = VPPDropDown;
			productReference = 5721946B14CF04FE00C15760 /* VPPDropDownExample.app */;
			productType = "com.apple.product-type.application";
		};
/* End PBXNativeTarget section */

/* Begin PBXProject section */
		5721946214CF04FE00C15760 /* Project object */ = {
			isa = PBXProject;
			attributes = {
				LastUpgradeCheck = 0420;
			};
			buildConfigurationList = 5721946514CF04FE00C15760 /* Build configuration list for PBXProject "VPPDropDownExample" */;
			compatibilityVersion = "Xcode 3.2";
			developmentRegion = English;
			hasScannedForEncodings = 0;
			knownRegions = (
				en,
			);
			mainGroup = 5721946014CF04FE00C15760;
			productRefGroup = 5721946C14CF04FE00C15760 /* Products */;
			projectDirPath = "";
			projectRoot = "";
			targets = (
				5721946A14CF04FE00C15760 /* VPPDropDownExample */,
			);
		};
/* End PBXProject section */

/* Begin PBXResourcesBuildPhase section */
		5721946914CF04FE00C15760 /* Resources */ = {
			isa = PBXResourcesBuildPhase;
			buildActionMask = 2147483647;
			files = (
				5721947A14CF04FF00C15760 /* InfoPlist.strings in Resources */,
				5721949414CF07C500C15760 /* UITableContract.png in Resources */,
				5721949514CF07C500C15760 /* UITableContract@2x.png in Resources */,
				5721949614CF07C500C15760 /* UITableExpand.png in Resources */,
				5721949714CF07C500C15760 /* UITableExpand@2x.png in Resources */,
			);
			runOnlyForDeploymentPostprocessing = 0;
		};
/* End PBXResourcesBuildPhase section */

/* Begin PBXSourcesBuildPhase section */
		5721946714CF04FE00C15760 /* Sources */ = {
			isa = PBXSourcesBuildPhase;
			buildActionMask = 2147483647;
			files = (
				5721947C14CF04FF00C15760 /* main.m in Sources */,
				5721948014CF04FF00C15760 /* AppDelegate.m in Sources */,
				5721948814CF055100C15760 /* DropDownExample.m in Sources */,
				5721949814CF07C500C15760 /* VPPDropDown.m in Sources */,
				5721949914CF07C500C15760 /* VPPDropDownElement.m in Sources */,
			);
			runOnlyForDeploymentPostprocessing = 0;
		};
/* End PBXSourcesBuildPhase section */

/* Begin PBXVariantGroup section */
		5721947814CF04FF00C15760 /* InfoPlist.strings */ = {
			isa = PBXVariantGroup;
			children = (
				5721947914CF04FF00C15760 /* en */,
			);
			name = InfoPlist.strings;
			sourceTree = "<group>";
		};
/* End PBXVariantGroup section */

/* Begin XCBuildConfiguration section */
		5721948114CF04FF00C15760 /* Debug */ = {
			isa = XCBuildConfiguration;
			buildSettings = {
				ALWAYS_SEARCH_USER_PATHS = NO;
				ARCHS = "$(ARCHS_STANDARD_32_BIT)";
				"CODE_SIGN_IDENTITY[sdk=iphoneos*]" = "iPhone Developer";
				COPY_PHASE_STRIP = NO;
				GCC_C_LANGUAGE_STANDARD = gnu99;
				GCC_DYNAMIC_NO_PIC = NO;
				GCC_OPTIMIZATION_LEVEL = 0;
				GCC_PREPROCESSOR_DEFINITIONS = (
					"DEBUG=1",
					"$(inherited)",
				);
				GCC_SYMBOLS_PRIVATE_EXTERN = NO;
				GCC_VERSION = com.apple.compilers.llvm.clang.1_0;
				GCC_WARN_ABOUT_MISSING_PROTOTYPES = YES;
				GCC_WARN_ABOUT_RETURN_TYPE = YES;
				GCC_WARN_UNUSED_VARIABLE = YES;
				INFOPLIST_FILE = "VPPDropDownExample/VPPDropDownExample-Info.plist";
				IPHONEOS_DEPLOYMENT_TARGET = 5.0;
				SDKROOT = iphoneos;
			};
			name = Debug;
		};
		5721948214CF04FF00C15760 /* Release */ = {
			isa = XCBuildConfiguration;
			buildSettings = {
				ALWAYS_SEARCH_USER_PATHS = NO;
				ARCHS = "$(ARCHS_STANDARD_32_BIT)";
				"CODE_SIGN_IDENTITY[sdk=iphoneos*]" = "iPhone Developer";
				COPY_PHASE_STRIP = YES;
				GCC_C_LANGUAGE_STANDARD = gnu99;
				GCC_VERSION = com.apple.compilers.llvm.clang.1_0;
				GCC_WARN_ABOUT_MISSING_PROTOTYPES = YES;
				GCC_WARN_ABOUT_RETURN_TYPE = YES;
				GCC_WARN_UNUSED_VARIABLE = YES;
				INFOPLIST_FILE = "VPPDropDownExample/VPPDropDownExample-Info.plist";
				IPHONEOS_DEPLOYMENT_TARGET = 5.0;
				OTHER_CFLAGS = "-DNS_BLOCK_ASSERTIONS=1";
				SDKROOT = iphoneos;
				VALIDATE_PRODUCT = YES;
			};
			name = Release;
		};
		5721948414CF04FF00C15760 /* Debug */ = {
			isa = XCBuildConfiguration;
			buildSettings = {
				GCC_PRECOMPILE_PREFIX_HEADER = YES;
				GCC_PREFIX_HEADER = "VPPDropDownExample/VPPDropDownExample-Prefix.pch";
				INFOPLIST_FILE = "VPPDropDownExample/VPPDropDownExample-Info.plist";
				IPHONEOS_DEPLOYMENT_TARGET = 4.0;
				PRODUCT_NAME = VPPDropDownExample;
				WRAPPER_EXTENSION = app;
			};
			name = Debug;
		};
		5721948514CF04FF00C15760 /* Release */ = {
			isa = XCBuildConfiguration;
			buildSettings = {
				GCC_PRECOMPILE_PREFIX_HEADER = YES;
				GCC_PREFIX_HEADER = "VPPDropDownExample/VPPDropDownExample-Prefix.pch";
				INFOPLIST_FILE = "VPPDropDownExample/VPPDropDownExample-Info.plist";
				IPHONEOS_DEPLOYMENT_TARGET = 4.0;
				PRODUCT_NAME = VPPDropDownExample;
				WRAPPER_EXTENSION = app;
			};
			name = Release;
		};
/* End XCBuildConfiguration section */

/* Begin XCConfigurationList section */
		5721946514CF04FE00C15760 /* Build configuration list for PBXProject "VPPDropDownExample" */ = {
			isa = XCConfigurationList;
			buildConfigurations = (
				5721948114CF04FF00C15760 /* Debug */,
				5721948214CF04FF00C15760 /* Release */,
			);
			defaultConfigurationIsVisible = 0;
			defaultConfigurationName = Release;
		};
		5721948314CF04FF00C15760 /* Build configuration list for PBXNativeTarget "VPPDropDownExample" */ = {
			isa = XCConfigurationList;
			buildConfigurations = (
				5721948414CF04FF00C15760 /* Debug */,
				5721948514CF04FF00C15760 /* Release */,
			);
			defaultConfigurationIsVisible = 0;
			defaultConfigurationName = Release;
		};
/* End XCConfigurationList section */
	};
	rootObject = 5721946214CF04FE00C15760 /* Project object */;
}
